
Microsoft Visual Studio Solution File, Format Version 12.00
# Visual Studio Version 17
VisualStudioVersion = 17.7.34009.444
MinimumVisualStudioVersion = 10.0.40219.1
Project("{FAE04EC0-301F-11D3-BF4B-00C04F79EFBC}") = "CardGame", "CardGame\CardGame.csproj", "{D2388794-2B26-4F4B-BD3B-178EB079C131}"
EndProject
Global
	GlobalSection(SolutionConfigurationPlatforms) = preSolution
		Debug|Any CPU = Debug|Any CPU
		Release|Any CPU = Release|Any CPU
	EndGlobalSection
	GlobalSection(ProjectConfigurationPlatforms) = postSolution
		{D2388794-2B26-4F4B-BD3B-178EB079C131}.Debug|Any CPU.ActiveCfg = Debug|Any CPU
		{D2388794-2B26-4F4B-BD3B-178EB079C131}.Debug|Any CPU.Build.0 = Debug|Any CPU
		{D2388794-2B26-4F4B-BD3B-178EB079C131}.Release|Any CPU.ActiveCfg = Release|Any CPU
		{D2388794-2B26-4F4B-BD3B-178EB079C131}.Release|Any CPU.Build.0 = Release|Any CPU
	EndGlobalSection
	GlobalSection(SolutionProperties) = preSolution
		HideSolutionNode = FALSE
	EndGlobalSection
	GlobalSection(ExtensibilityGlobals) = postSolution
		SolutionGuid = {FAC24A6D-3366-4A07-B742-AB3C68DDB03F}
	EndGlobalSection
EndGlobal
